// !$*UTF8*$!
{
	archiveVersion = 1;
	classes = {
	};
	objectVersion = 50;
	objects = {

/* Begin PBXBuildFile section */
		1508113E2235990000499CD6 /* 022215-commute-thumb.jpg in Resources */ = {isa = PBXBuildFile; fileRef = 1508113D2235990000499CD6 /* 022215-commute-thumb.jpg */; };
		15B2CA3C2229CC2700ADFF46 /* UserInfo.swift in Sources */ = {isa = PBXBuildFile; fileRef = 15B2CA3B2229CC2700ADFF46 /* UserInfo.swift */; };
		15B2CA3E2229CC3A00ADFF46 /* Ride.swift in Sources */ = {isa = PBXBuildFile; fileRef = 15B2CA3D2229CC3A00ADFF46 /* Ride.swift */; };
		15B2CA402229FEB300ADFF46 /* SearchResultsController.swift in Sources */ = {isa = PBXBuildFile; fileRef = 15B2CA3F2229FEB300ADFF46 /* SearchResultsController.swift */; };
		15C1DE232235C5D500D7F586 /* GoogleService-Info.plist in Resources */ = {isa = PBXBuildFile; fileRef = 15C1DE222235C5D500D7F586 /* GoogleService-Info.plist */; };
		67C677BD2B3304C9352D604E /* Pods_W8D2_Ride_Share.framework in Frameworks */ = {isa = PBXBuildFile; fileRef = 440F169039B18D25F1EAF42E /* Pods_W8D2_Ride_Share.framework */; };
		E90B3C6122399AC60032113E /* VRFirestoreQuery.swift in Sources */ = {isa = PBXBuildFile; fileRef = E90B3C6022399AC60032113E /* VRFirestoreQuery.swift */; };
		E90D3D0B22285D280083BAB8 /* LoginViewController.swift in Sources */ = {isa = PBXBuildFile; fileRef = E90D3D0A22285D280083BAB8 /* LoginViewController.swift */; };
		E90D3D0D22285EFB0083BAB8 /* MenuViewController.swift in Sources */ = {isa = PBXBuildFile; fileRef = E90D3D0C22285EFB0083BAB8 /* MenuViewController.swift */; };
		E90D3D0F22285F3B0083BAB8 /* FindRideViewController.swift in Sources */ = {isa = PBXBuildFile; fileRef = E90D3D0E22285F3B0083BAB8 /* FindRideViewController.swift */; };
		E90D3D1122285F570083BAB8 /* AvailableRidesViewController.swift in Sources */ = {isa = PBXBuildFile; fileRef = E90D3D1022285F570083BAB8 /* AvailableRidesViewController.swift */; };
		E90D3D1322285F700083BAB8 /* RideDetailsViewController.swift in Sources */ = {isa = PBXBuildFile; fileRef = E90D3D1222285F700083BAB8 /* RideDetailsViewController.swift */; };
		E90D3D1722285FC30083BAB8 /* OfferRideViewController.swift in Sources */ = {isa = PBXBuildFile; fileRef = E90D3D1622285FC30083BAB8 /* OfferRideViewController.swift */; };
		E90D3D1922285FE20083BAB8 /* OfferRideDetailsViewController.swift in Sources */ = {isa = PBXBuildFile; fileRef = E90D3D1822285FE20083BAB8 /* OfferRideDetailsViewController.swift */; };
		E90D3D1B222860030083BAB8 /* OfferRideConfirmationViewController.swift in Sources */ = {isa = PBXBuildFile; fileRef = E90D3D1A222860030083BAB8 /* OfferRideConfirmationViewController.swift */; };
		E90D3D1D222860260083BAB8 /* BookRideConfirmationViewController.swift in Sources */ = {isa = PBXBuildFile; fileRef = E90D3D1C222860260083BAB8 /* BookRideConfirmationViewController.swift */; };
		E90D3D1F222860640083BAB8 /* RidesBookedViewController.swift in Sources */ = {isa = PBXBuildFile; fileRef = E90D3D1E222860640083BAB8 /* RidesBookedViewController.swift */; };
		E90D3D21222860ED0083BAB8 /* BookedRideDetailsViewController.swift in Sources */ = {isa = PBXBuildFile; fileRef = E90D3D20222860ED0083BAB8 /* BookedRideDetailsViewController.swift */; };
		E90D3D23222861080083BAB8 /* RidesOfferedViewController.swift in Sources */ = {isa = PBXBuildFile; fileRef = E90D3D22222861080083BAB8 /* RidesOfferedViewController.swift */; };
		E90D3D25222861340083BAB8 /* OfferedRideDetailsViewController.swift in Sources */ = {isa = PBXBuildFile; fileRef = E90D3D24222861340083BAB8 /* OfferedRideDetailsViewController.swift */; };
		E90D3D272228614B0083BAB8 /* ProfileViewController.swift in Sources */ = {isa = PBXBuildFile; fileRef = E90D3D262228614B0083BAB8 /* ProfileViewController.swift */; };
		E90D3D29222864A30083BAB8 /* SearchHistoryTableViewCell.swift in Sources */ = {isa = PBXBuildFile; fileRef = E90D3D28222864A30083BAB8 /* SearchHistoryTableViewCell.swift */; };
		E90D3D2B222864C40083BAB8 /* AvailableRidesTableViewCell.swift in Sources */ = {isa = PBXBuildFile; fileRef = E90D3D2A222864C40083BAB8 /* AvailableRidesTableViewCell.swift */; };
		E90D3D2D222865050083BAB8 /* StopoversTableViewCell.swift in Sources */ = {isa = PBXBuildFile; fileRef = E90D3D2C222865050083BAB8 /* StopoversTableViewCell.swift */; };
		E90D3D2F222865270083BAB8 /* RidesBookedTableViewCell.swift in Sources */ = {isa = PBXBuildFile; fileRef = E90D3D2E222865270083BAB8 /* RidesBookedTableViewCell.swift */; };
		E90D3D31222865480083BAB8 /* RidesOfferedTableViewCell.swift in Sources */ = {isa = PBXBuildFile; fileRef = E90D3D30222865480083BAB8 /* RidesOfferedTableViewCell.swift */; };
		E90D3D332228656B0083BAB8 /* PassengersListTableViewCell.swift in Sources */ = {isa = PBXBuildFile; fileRef = E90D3D322228656B0083BAB8 /* PassengersListTableViewCell.swift */; };
		E995BA81222A215F00E9CA40 /* RegisterEmailViewController.swift in Sources */ = {isa = PBXBuildFile; fileRef = E995BA80222A215F00E9CA40 /* RegisterEmailViewController.swift */; };
		E9A7390F2238793600EE1C4A /* CancelBookedRide.swift in Sources */ = {isa = PBXBuildFile; fileRef = E9A7390E2238793600EE1C4A /* CancelBookedRide.swift */; };
		E9A739112238810800EE1C4A /* Booking.swift in Sources */ = {isa = PBXBuildFile; fileRef = E9A739102238810800EE1C4A /* Booking.swift */; };
		E9A739132238B01300EE1C4A /* GeoPlace.swift in Sources */ = {isa = PBXBuildFile; fileRef = E9A739122238B01300EE1C4A /* GeoPlace.swift */; };
		E9A739152238B16400EE1C4A /* StringFormat.swift in Sources */ = {isa = PBXBuildFile; fileRef = E9A739142238B16400EE1C4A /* StringFormat.swift */; };
		E9A739172238B32500EE1C4A /* Alert.swift in Sources */ = {isa = PBXBuildFile; fileRef = E9A739162238B32500EE1C4A /* Alert.swift */; };
		E9C701DD22320F9D00607639 /* Extentions.swift in Sources */ = {isa = PBXBuildFile; fileRef = E9C701DC22320F9D00607639 /* Extentions.swift */; };
		E9EAEE4B2225A4AD001DB057 /* AppDelegate.swift in Sources */ = {isa = PBXBuildFile; fileRef = E9EAEE4A2225A4AD001DB057 /* AppDelegate.swift */; };
		E9EAEE502225A4AD001DB057 /* Main.storyboard in Resources */ = {isa = PBXBuildFile; fileRef = E9EAEE4E2225A4AD001DB057 /* Main.storyboard */; };
		E9EAEE532225A4AE001DB057 /* W8D2_Ride_Share.xcdatamodeld in Sources */ = {isa = PBXBuildFile; fileRef = E9EAEE512225A4AE001DB057 /* W8D2_Ride_Share.xcdatamodeld */; };
		E9EAEE552225A4AF001DB057 /* Assets.xcassets in Resources */ = {isa = PBXBuildFile; fileRef = E9EAEE542225A4AF001DB057 /* Assets.xcassets */; };
		E9EAEE582225A4AF001DB057 /* LaunchScreen.storyboard in Resources */ = {isa = PBXBuildFile; fileRef = E9EAEE562225A4AF001DB057 /* LaunchScreen.storyboard */; };
		E9FB0BC02237017E0002B428 /* PushNotification.swift in Sources */ = {isa = PBXBuildFile; fileRef = E9FB0BBF2237017E0002B428 /* PushNotification.swift */; };
/* End PBXBuildFile section */

/* Begin PBXFileReference section */
		1508113D2235990000499CD6 /* 022215-commute-thumb.jpg */ = {isa = PBXFileReference; lastKnownFileType = image.jpeg; path = "022215-commute-thumb.jpg"; sourceTree = "<group>"; };
		15B2CA3B2229CC2700ADFF46 /* UserInfo.swift */ = {isa = PBXFileReference; lastKnownFileType = sourcecode.swift; path = UserInfo.swift; sourceTree = "<group>"; };
		15B2CA3D2229CC3A00ADFF46 /* Ride.swift */ = {isa = PBXFileReference; lastKnownFileType = sourcecode.swift; path = Ride.swift; sourceTree = "<group>"; };
		15B2CA3F2229FEB300ADFF46 /* SearchResultsController.swift */ = {isa = PBXFileReference; lastKnownFileType = sourcecode.swift; path = SearchResultsController.swift; sourceTree = "<group>"; };
		15C1DE222235C5D500D7F586 /* GoogleService-Info.plist */ = {isa = PBXFileReference; fileEncoding = 4; lastKnownFileType = text.plist.xml; path = "GoogleService-Info.plist"; sourceTree = "<group>"; };
		440F169039B18D25F1EAF42E /* Pods_W8D2_Ride_Share.framework */ = {isa = PBXFileReference; explicitFileType = wrapper.framework; includeInIndex = 0; path = Pods_W8D2_Ride_Share.framework; sourceTree = BUILT_PRODUCTS_DIR; };
		9177AEE06E859116CE515D6E /* Pods-W8D2-Ride-Share.release.xcconfig */ = {isa = PBXFileReference; includeInIndex = 1; lastKnownFileType = text.xcconfig; name = "Pods-W8D2-Ride-Share.release.xcconfig"; path = "Target Support Files/Pods-W8D2-Ride-Share/Pods-W8D2-Ride-Share.release.xcconfig"; sourceTree = "<group>"; };
		9338C7A9C089044CE4207DD5 /* Pods-W8D2-Ride-Share.debug.xcconfig */ = {isa = PBXFileReference; includeInIndex = 1; lastKnownFileType = text.xcconfig; name = "Pods-W8D2-Ride-Share.debug.xcconfig"; path = "Target Support Files/Pods-W8D2-Ride-Share/Pods-W8D2-Ride-Share.debug.xcconfig"; sourceTree = "<group>"; };
		E9088D512235CF5C004ECF9A /* GoogleService-Info.plist */ = {isa = PBXFileReference; fileEncoding = 4; lastKnownFileType = text.plist.xml; path = "GoogleService-Info.plist"; sourceTree = "<group>"; };
		E90B3C6022399AC60032113E /* VRFirestoreQuery.swift */ = {isa = PBXFileReference; lastKnownFileType = sourcecode.swift; path = VRFirestoreQuery.swift; sourceTree = "<group>"; };
		E90D3D0A22285D280083BAB8 /* LoginViewController.swift */ = {isa = PBXFileReference; lastKnownFileType = sourcecode.swift; path = LoginViewController.swift; sourceTree = "<group>"; };
		E90D3D0C22285EFB0083BAB8 /* MenuViewController.swift */ = {isa = PBXFileReference; lastKnownFileType = sourcecode.swift; path = MenuViewController.swift; sourceTree = "<group>"; };
		E90D3D0E22285F3B0083BAB8 /* FindRideViewController.swift */ = {isa = PBXFileReference; lastKnownFileType = sourcecode.swift; path = FindRideViewController.swift; sourceTree = "<group>"; };
		E90D3D1022285F570083BAB8 /* AvailableRidesViewController.swift */ = {isa = PBXFileReference; lastKnownFileType = sourcecode.swift; path = AvailableRidesViewController.swift; sourceTree = "<group>"; };
		E90D3D1222285F700083BAB8 /* RideDetailsViewController.swift */ = {isa = PBXFileReference; lastKnownFileType = sourcecode.swift; path = RideDetailsViewController.swift; sourceTree = "<group>"; };
		E90D3D1622285FC30083BAB8 /* OfferRideViewController.swift */ = {isa = PBXFileReference; lastKnownFileType = sourcecode.swift; path = OfferRideViewController.swift; sourceTree = "<group>"; };
		E90D3D1822285FE20083BAB8 /* OfferRideDetailsViewController.swift */ = {isa = PBXFileReference; lastKnownFileType = sourcecode.swift; path = OfferRideDetailsViewController.swift; sourceTree = "<group>"; };
		E90D3D1A222860030083BAB8 /* OfferRideConfirmationViewController.swift */ = {isa = PBXFileReference; lastKnownFileType = sourcecode.swift; path = OfferRideConfirmationViewController.swift; sourceTree = "<group>"; };
		E90D3D1C222860260083BAB8 /* BookRideConfirmationViewController.swift */ = {isa = PBXFileReference; lastKnownFileType = sourcecode.swift; path = BookRideConfirmationViewController.swift; sourceTree = "<group>"; };
		E90D3D1E222860640083BAB8 /* RidesBookedViewController.swift */ = {isa = PBXFileReference; lastKnownFileType = sourcecode.swift; path = RidesBookedViewController.swift; sourceTree = "<group>"; };
		E90D3D20222860ED0083BAB8 /* BookedRideDetailsViewController.swift */ = {isa = PBXFileReference; lastKnownFileType = sourcecode.swift; path = BookedRideDetailsViewController.swift; sourceTree = "<group>"; };
		E90D3D22222861080083BAB8 /* RidesOfferedViewController.swift */ = {isa = PBXFileReference; lastKnownFileType = sourcecode.swift; path = RidesOfferedViewController.swift; sourceTree = "<group>"; };
		E90D3D24222861340083BAB8 /* OfferedRideDetailsViewController.swift */ = {isa = PBXFileReference; lastKnownFileType = sourcecode.swift; path = OfferedRideDetailsViewController.swift; sourceTree = "<group>"; };
		E90D3D262228614B0083BAB8 /* ProfileViewController.swift */ = {isa = PBXFileReference; lastKnownFileType = sourcecode.swift; path = ProfileViewController.swift; sourceTree = "<group>"; };
		E90D3D28222864A30083BAB8 /* SearchHistoryTableViewCell.swift */ = {isa = PBXFileReference; lastKnownFileType = sourcecode.swift; path = SearchHistoryTableViewCell.swift; sourceTree = "<group>"; };
		E90D3D2A222864C40083BAB8 /* AvailableRidesTableViewCell.swift */ = {isa = PBXFileReference; lastKnownFileType = sourcecode.swift; path = AvailableRidesTableViewCell.swift; sourceTree = "<group>"; };
		E90D3D2C222865050083BAB8 /* StopoversTableViewCell.swift */ = {isa = PBXFileReference; lastKnownFileType = sourcecode.swift; path = StopoversTableViewCell.swift; sourceTree = "<group>"; };
		E90D3D2E222865270083BAB8 /* RidesBookedTableViewCell.swift */ = {isa = PBXFileReference; lastKnownFileType = sourcecode.swift; path = RidesBookedTableViewCell.swift; sourceTree = "<group>"; };
		E90D3D30222865480083BAB8 /* RidesOfferedTableViewCell.swift */ = {isa = PBXFileReference; lastKnownFileType = sourcecode.swift; path = RidesOfferedTableViewCell.swift; sourceTree = "<group>"; };
		E90D3D322228656B0083BAB8 /* PassengersListTableViewCell.swift */ = {isa = PBXFileReference; lastKnownFileType = sourcecode.swift; path = PassengersListTableViewCell.swift; sourceTree = "<group>"; };
		E989D407223507CD0090664C /* W8D2-Ride-Share.entitlements */ = {isa = PBXFileReference; lastKnownFileType = text.plist.entitlements; path = "W8D2-Ride-Share.entitlements"; sourceTree = "<group>"; };
		E995BA80222A215F00E9CA40 /* RegisterEmailViewController.swift */ = {isa = PBXFileReference; lastKnownFileType = sourcecode.swift; path = RegisterEmailViewController.swift; sourceTree = "<group>"; };
		E9A7390E2238793600EE1C4A /* CancelBookedRide.swift */ = {isa = PBXFileReference; lastKnownFileType = sourcecode.swift; path = CancelBookedRide.swift; sourceTree = "<group>"; };
		E9A739102238810800EE1C4A /* Booking.swift */ = {isa = PBXFileReference; lastKnownFileType = sourcecode.swift; path = Booking.swift; sourceTree = "<group>"; };
		E9A739122238B01300EE1C4A /* GeoPlace.swift */ = {isa = PBXFileReference; lastKnownFileType = sourcecode.swift; path = GeoPlace.swift; sourceTree = "<group>"; };
		E9A739142238B16400EE1C4A /* StringFormat.swift */ = {isa = PBXFileReference; lastKnownFileType = sourcecode.swift; path = StringFormat.swift; sourceTree = "<group>"; };
		E9A739162238B32500EE1C4A /* Alert.swift */ = {isa = PBXFileReference; lastKnownFileType = sourcecode.swift; path = Alert.swift; sourceTree = "<group>"; };
		E9C701DC22320F9D00607639 /* Extentions.swift */ = {isa = PBXFileReference; lastKnownFileType = sourcecode.swift; path = Extentions.swift; sourceTree = "<group>"; };
		E9EAEE472225A4AD001DB057 /* W8D2-Ride-Share.app */ = {isa = PBXFileReference; explicitFileType = wrapper.application; includeInIndex = 0; path = "W8D2-Ride-Share.app"; sourceTree = BUILT_PRODUCTS_DIR; };
		E9EAEE4A2225A4AD001DB057 /* AppDelegate.swift */ = {isa = PBXFileReference; lastKnownFileType = sourcecode.swift; path = AppDelegate.swift; sourceTree = "<group>"; };
		E9EAEE4F2225A4AD001DB057 /* Base */ = {isa = PBXFileReference; lastKnownFileType = file.storyboard; name = Base; path = Base.lproj/Main.storyboard; sourceTree = "<group>"; };
		E9EAEE522225A4AE001DB057 /* W8D2_Ride_Share.xcdatamodel */ = {isa = PBXFileReference; lastKnownFileType = wrapper.xcdatamodel; path = W8D2_Ride_Share.xcdatamodel; sourceTree = "<group>"; };
		E9EAEE542225A4AF001DB057 /* Assets.xcassets */ = {isa = PBXFileReference; lastKnownFileType = folder.assetcatalog; path = Assets.xcassets; sourceTree = "<group>"; };
		E9EAEE572225A4AF001DB057 /* Base */ = {isa = PBXFileReference; lastKnownFileType = file.storyboard; name = Base; path = Base.lproj/LaunchScreen.storyboard; sourceTree = "<group>"; };
		E9EAEE592225A4AF001DB057 /* Info.plist */ = {isa = PBXFileReference; lastKnownFileType = text.plist.xml; path = Info.plist; sourceTree = "<group>"; };
		E9FB0BBF2237017E0002B428 /* PushNotification.swift */ = {isa = PBXFileReference; lastKnownFileType = sourcecode.swift; path = PushNotification.swift; sourceTree = "<group>"; };
/* End PBXFileReference section */

/* Begin PBXFrameworksBuildPhase section */
		E9EAEE442225A4AD001DB057 /* Frameworks */ = {
			isa = PBXFrameworksBuildPhase;
			buildActionMask = 2147483647;
			files = (
				67C677BD2B3304C9352D604E /* Pods_W8D2_Ride_Share.framework in Frameworks */,
			);
			runOnlyForDeploymentPostprocessing = 0;
		};
/* End PBXFrameworksBuildPhase section */

/* Begin PBXGroup section */
		A9B8E4C141DA3B069F93BD41 /* Frameworks */ = {
			isa = PBXGroup;
			children = (
				440F169039B18D25F1EAF42E /* Pods_W8D2_Ride_Share.framework */,
			);
			name = Frameworks;
			sourceTree = "<group>";
		};
		E9BBA8D122347D920023452C /* Find Ride VCs */ = {
			isa = PBXGroup;
			children = (
				E90D3D0E22285F3B0083BAB8 /* FindRideViewController.swift */,
				E90D3D1022285F570083BAB8 /* AvailableRidesViewController.swift */,
				E90D3D2A222864C40083BAB8 /* AvailableRidesTableViewCell.swift */,
				E90D3D1222285F700083BAB8 /* RideDetailsViewController.swift */,
				E90D3D1C222860260083BAB8 /* BookRideConfirmationViewController.swift */,
			);
			path = "Find Ride VCs";
			sourceTree = "<group>";
		};
		E9BBA8D222347E070023452C /* Offer Ride VCs */ = {
			isa = PBXGroup;
			children = (
				E90D3D1622285FC30083BAB8 /* OfferRideViewController.swift */,
				E90D3D1822285FE20083BAB8 /* OfferRideDetailsViewController.swift */,
				E90D3D2C222865050083BAB8 /* StopoversTableViewCell.swift */,
				E90D3D1A222860030083BAB8 /* OfferRideConfirmationViewController.swift */,
			);
			path = "Offer Ride VCs";
			sourceTree = "<group>";
		};
		E9BBA8D322347E6E0023452C /* Extensions */ = {
			isa = PBXGroup;
			children = (
				E9C701DC22320F9D00607639 /* Extentions.swift */,
			);
			path = Extensions;
			sourceTree = "<group>";
		};
		E9BBA8D422347E920023452C /* User VCs */ = {
			isa = PBXGroup;
			children = (
				E90D3D0A22285D280083BAB8 /* LoginViewController.swift */,
				E995BA80222A215F00E9CA40 /* RegisterEmailViewController.swift */,
				E90D3D262228614B0083BAB8 /* ProfileViewController.swift */,
			);
			path = "User VCs";
			sourceTree = "<group>";
		};
		E9BBA8D522347EF20023452C /* Rides Booked VCs */ = {
			isa = PBXGroup;
			children = (
				E90D3D1E222860640083BAB8 /* RidesBookedViewController.swift */,
				E90D3D2E222865270083BAB8 /* RidesBookedTableViewCell.swift */,
				E90D3D20222860ED0083BAB8 /* BookedRideDetailsViewController.swift */,
				E9A7390E2238793600EE1C4A /* CancelBookedRide.swift */,
			);
			path = "Rides Booked VCs";
			sourceTree = "<group>";
		};
		E9BBA8D622347F610023452C /* Rides Offered VCs */ = {
			isa = PBXGroup;
			children = (
				E90D3D22222861080083BAB8 /* RidesOfferedViewController.swift */,
				E90D3D30222865480083BAB8 /* RidesOfferedTableViewCell.swift */,
				E90D3D24222861340083BAB8 /* OfferedRideDetailsViewController.swift */,
				E90D3D322228656B0083BAB8 /* PassengersListTableViewCell.swift */,
			);
			path = "Rides Offered VCs";
			sourceTree = "<group>";
		};
		E9BBA8D722348D000023452C /* Search Results VC */ = {
			isa = PBXGroup;
			children = (
				15B2CA3F2229FEB300ADFF46 /* SearchResultsController.swift */,
				E90D3D28222864A30083BAB8 /* SearchHistoryTableViewCell.swift */,
			);
			path = "Search Results VC";
			sourceTree = "<group>";
		};
		E9EAEE3E2225A4AD001DB057 = {
			isa = PBXGroup;
			children = (
				E9EAEE492225A4AD001DB057 /* W8D2-Ride-Share */,
				E9EAEE482225A4AD001DB057 /* Products */,
				F7B6DCDBBE00013C2C698DD9 /* Pods */,
				A9B8E4C141DA3B069F93BD41 /* Frameworks */,
			);
			sourceTree = "<group>";
		};
		E9EAEE482225A4AD001DB057 /* Products */ = {
			isa = PBXGroup;
			children = (
				E9EAEE472225A4AD001DB057 /* W8D2-Ride-Share.app */,
			);
			name = Products;
			sourceTree = "<group>";
		};
		E9EAEE492225A4AD001DB057 /* W8D2-Ride-Share */ = {
			isa = PBXGroup;
			children = (
				E989D407223507CD0090664C /* W8D2-Ride-Share.entitlements */,
				E9EAEE4A2225A4AD001DB057 /* AppDelegate.swift */,
				E9EAEE4E2225A4AD001DB057 /* Main.storyboard */,
				15B2CA3D2229CC3A00ADFF46 /* Ride.swift */,
				E9A739102238810800EE1C4A /* Booking.swift */,
				15B2CA3B2229CC2700ADFF46 /* UserInfo.swift */,
				E90D3D0C22285EFB0083BAB8 /* MenuViewController.swift */,
				E9FB0BBF2237017E0002B428 /* PushNotification.swift */,
				E9A739122238B01300EE1C4A /* GeoPlace.swift */,
				E9A739142238B16400EE1C4A /* StringFormat.swift */,
				E9A739162238B32500EE1C4A /* Alert.swift */,
				E90B3C6022399AC60032113E /* VRFirestoreQuery.swift */,
				E9BBA8D122347D920023452C /* Find Ride VCs */,
				E9BBA8D222347E070023452C /* Offer Ride VCs */,
				E9BBA8D422347E920023452C /* User VCs */,
				E9BBA8D522347EF20023452C /* Rides Booked VCs */,
				E9BBA8D622347F610023452C /* Rides Offered VCs */,
				E9BBA8D322347E6E0023452C /* Extensions */,
				E9BBA8D722348D000023452C /* Search Results VC */,
				E9EAEE562225A4AF001DB057 /* LaunchScreen.storyboard */,
				E9EAEE542225A4AF001DB057 /* Assets.xcassets */,
				1508113D2235990000499CD6 /* 022215-commute-thumb.jpg */,
				E9088D512235CF5C004ECF9A /* GoogleService-Info.plist */,
				E9EAEE592225A4AF001DB057 /* Info.plist */,
				15C1DE222235C5D500D7F586 /* GoogleService-Info.plist */,
				E9EAEE512225A4AE001DB057 /* W8D2_Ride_Share.xcdatamodeld */,
			);
			path = "W8D2-Ride-Share";
			sourceTree = "<group>";
		};
		F7B6DCDBBE00013C2C698DD9 /* Pods */ = {
			isa = PBXGroup;
			children = (
				9338C7A9C089044CE4207DD5 /* Pods-W8D2-Ride-Share.debug.xcconfig */,
				9177AEE06E859116CE515D6E /* Pods-W8D2-Ride-Share.release.xcconfig */,
			);
			path = Pods;
			sourceTree = "<group>";
		};
/* End PBXGroup section */

/* Begin PBXNativeTarget section */
		E9EAEE462225A4AD001DB057 /* W8D2-Ride-Share */ = {
			isa = PBXNativeTarget;
			buildConfigurationList = E9EAEE5C2225A4AF001DB057 /* Build configuration list for PBXNativeTarget "W8D2-Ride-Share" */;
			buildPhases = (
				F527050214B006C0B8A78EBA /* [CP] Check Pods Manifest.lock */,
				E9EAEE432225A4AD001DB057 /* Sources */,
				E9EAEE442225A4AD001DB057 /* Frameworks */,
				E9EAEE452225A4AD001DB057 /* Resources */,
				7E78C757624BEB63AAF03E97 /* [CP] Embed Pods Frameworks */,
				0DC61CB777DE6B839560AB37 /* [CP] Copy Pods Resources */,
			);
			buildRules = (
			);
			dependencies = (
			);
			name = "W8D2-Ride-Share";
			productName = "W8D2-Ride-Share";
			productReference = E9EAEE472225A4AD001DB057 /* W8D2-Ride-Share.app */;
			productType = "com.apple.product-type.application";
		};
/* End PBXNativeTarget section */

/* Begin PBXProject section */
		E9EAEE3F2225A4AD001DB057 /* Project object */ = {
			isa = PBXProject;
			attributes = {
				LastSwiftUpdateCheck = 1010;
				LastUpgradeCheck = 1010;
				ORGANIZATIONNAME = Pavel;
				TargetAttributes = {
					E9EAEE462225A4AD001DB057 = {
						CreatedOnToolsVersion = 10.1;
						SystemCapabilities = {
							com.apple.BackgroundModes = {
								enabled = 1;
							};
							com.apple.Push = {
								enabled = 1;
							};
						};
					};
				};
			};
			buildConfigurationList = E9EAEE422225A4AD001DB057 /* Build configuration list for PBXProject "W8D2-Ride-Share" */;
			compatibilityVersion = "Xcode 9.3";
			developmentRegion = en;
			hasScannedForEncodings = 0;
			knownRegions = (
				en,
				Base,
			);
			mainGroup = E9EAEE3E2225A4AD001DB057;
			productRefGroup = E9EAEE482225A4AD001DB057 /* Products */;
			projectDirPath = "";
			projectRoot = "";
			targets = (
				E9EAEE462225A4AD001DB057 /* W8D2-Ride-Share */,
			);
		};
/* End PBXProject section */

/* Begin PBXResourcesBuildPhase section */
		E9EAEE452225A4AD001DB057 /* Resources */ = {
			isa = PBXResourcesBuildPhase;
			buildActionMask = 2147483647;
			files = (
				E9EAEE582225A4AF001DB057 /* LaunchScreen.storyboard in Resources */,
				1508113E2235990000499CD6 /* 022215-commute-thumb.jpg in Resources */,
				15C1DE232235C5D500D7F586 /* GoogleService-Info.plist in Resources */,
				E9EAEE552225A4AF001DB057 /* Assets.xcassets in Resources */,
				E9EAEE502225A4AD001DB057 /* Main.storyboard in Resources */,
			);
			runOnlyForDeploymentPostprocessing = 0;
		};
/* End PBXResourcesBuildPhase section */

/* Begin PBXShellScriptBuildPhase section */
		0DC61CB777DE6B839560AB37 /* [CP] Copy Pods Resources */ = {
			isa = PBXShellScriptBuildPhase;
			buildActionMask = 2147483647;
			files = (
			);
			inputFileListPaths = (
			);
			inputPaths = (
				"${PODS_ROOT}/Target Support Files/Pods-W8D2-Ride-Share/Pods-W8D2-Ride-Share-resources.sh",
				"${PODS_ROOT}/GoogleMaps/Maps/Frameworks/GoogleMaps.framework/Resources/GoogleMaps.bundle",
				"${PODS_ROOT}/GooglePlaces/Frameworks/GooglePlaces.framework/Resources/GooglePlaces.bundle",
			);
			name = "[CP] Copy Pods Resources";
			outputFileListPaths = (
			);
			outputPaths = (
				"${TARGET_BUILD_DIR}/${UNLOCALIZED_RESOURCES_FOLDER_PATH}/GoogleMaps.bundle",
				"${TARGET_BUILD_DIR}/${UNLOCALIZED_RESOURCES_FOLDER_PATH}/GooglePlaces.bundle",
			);
			runOnlyForDeploymentPostprocessing = 0;
			shellPath = /bin/sh;
			shellScript = "\"${PODS_ROOT}/Target Support Files/Pods-W8D2-Ride-Share/Pods-W8D2-Ride-Share-resources.sh\"\n";
			showEnvVarsInLog = 0;
		};
		7E78C757624BEB63AAF03E97 /* [CP] Embed Pods Frameworks */ = {
			isa = PBXShellScriptBuildPhase;
			buildActionMask = 2147483647;
			files = (
			);
			inputFileListPaths = (
			);
			inputPaths = (
				"${PODS_ROOT}/Target Support Files/Pods-W8D2-Ride-Share/Pods-W8D2-Ride-Share-frameworks.sh",
				"${BUILT_PRODUCTS_DIR}/BoringSSL-GRPC/openssl_grpc.framework",
				"${BUILT_PRODUCTS_DIR}/GTMSessionFetcher/GTMSessionFetcher.framework",
				"${BUILT_PRODUCTS_DIR}/GoogleUtilities/GoogleUtilities.framework",
				"${BUILT_PRODUCTS_DIR}/Protobuf/Protobuf.framework",
				"${BUILT_PRODUCTS_DIR}/gRPC-C++/grpcpp.framework",
				"${BUILT_PRODUCTS_DIR}/gRPC-Core/grpc.framework",
				"${BUILT_PRODUCTS_DIR}/leveldb-library/leveldb.framework",
				"${BUILT_PRODUCTS_DIR}/nanopb/nanopb.framework",
			);
			name = "[CP] Embed Pods Frameworks";
			outputFileListPaths = (
			);
			outputPaths = (
				"${TARGET_BUILD_DIR}/${FRAMEWORKS_FOLDER_PATH}/openssl_grpc.framework",
				"${TARGET_BUILD_DIR}/${FRAMEWORKS_FOLDER_PATH}/GTMSessionFetcher.framework",
				"${TARGET_BUILD_DIR}/${FRAMEWORKS_FOLDER_PATH}/GoogleUtilities.framework",
				"${TARGET_BUILD_DIR}/${FRAMEWORKS_FOLDER_PATH}/Protobuf.framework",
				"${TARGET_BUILD_DIR}/${FRAMEWORKS_FOLDER_PATH}/grpcpp.framework",
				"${TARGET_BUILD_DIR}/${FRAMEWORKS_FOLDER_PATH}/grpc.framework",
				"${TARGET_BUILD_DIR}/${FRAMEWORKS_FOLDER_PATH}/leveldb.framework",
				"${TARGET_BUILD_DIR}/${FRAMEWORKS_FOLDER_PATH}/nanopb.framework",
			);
			runOnlyForDeploymentPostprocessing = 0;
			shellPath = /bin/sh;
			shellScript = "\"${PODS_ROOT}/Target Support Files/Pods-W8D2-Ride-Share/Pods-W8D2-Ride-Share-frameworks.sh\"\n";
			showEnvVarsInLog = 0;
		};
		F527050214B006C0B8A78EBA /* [CP] Check Pods Manifest.lock */ = {
			isa = PBXShellScriptBuildPhase;
			buildActionMask = 2147483647;
			files = (
			);
			inputFileListPaths = (
			);
			inputPaths = (
				"${PODS_PODFILE_DIR_PATH}/Podfile.lock",
				"${PODS_ROOT}/Manifest.lock",
			);
			name = "[CP] Check Pods Manifest.lock";
			outputFileListPaths = (
			);
			outputPaths = (
				"$(DERIVED_FILE_DIR)/Pods-W8D2-Ride-Share-checkManifestLockResult.txt",
			);
			runOnlyForDeploymentPostprocessing = 0;
			shellPath = /bin/sh;
			shellScript = "diff \"${PODS_PODFILE_DIR_PATH}/Podfile.lock\" \"${PODS_ROOT}/Manifest.lock\" > /dev/null\nif [ $? != 0 ] ; then\n    # print error to STDERR\n    echo \"error: The sandbox is not in sync with the Podfile.lock. Run 'pod install' or update your CocoaPods installation.\" >&2\n    exit 1\nfi\n# This output is used by Xcode 'outputs' to avoid re-running this script phase.\necho \"SUCCESS\" > \"${SCRIPT_OUTPUT_FILE_0}\"\n";
			showEnvVarsInLog = 0;
		};
/* End PBXShellScriptBuildPhase section */

/* Begin PBXSourcesBuildPhase section */
		E9EAEE432225A4AD001DB057 /* Sources */ = {
			isa = PBXSourcesBuildPhase;
			buildActionMask = 2147483647;
			files = (
				E9FB0BC02237017E0002B428 /* PushNotification.swift in Sources */,
				E9A7390F2238793600EE1C4A /* CancelBookedRide.swift in Sources */,
				E90D3D23222861080083BAB8 /* RidesOfferedViewController.swift in Sources */,
				E90D3D0B22285D280083BAB8 /* LoginViewController.swift in Sources */,
				E90D3D21222860ED0083BAB8 /* BookedRideDetailsViewController.swift in Sources */,
				E9A739172238B32500EE1C4A /* Alert.swift in Sources */,
				E90D3D31222865480083BAB8 /* RidesOfferedTableViewCell.swift in Sources */,
				E90D3D1922285FE20083BAB8 /* OfferRideDetailsViewController.swift in Sources */,
				E90D3D332228656B0083BAB8 /* PassengersListTableViewCell.swift in Sources */,
				E90D3D1722285FC30083BAB8 /* OfferRideViewController.swift in Sources */,
				E90D3D25222861340083BAB8 /* OfferedRideDetailsViewController.swift in Sources */,
				E995BA81222A215F00E9CA40 /* RegisterEmailViewController.swift in Sources */,
				15B2CA3E2229CC3A00ADFF46 /* Ride.swift in Sources */,
				E90D3D0F22285F3B0083BAB8 /* FindRideViewController.swift in Sources */,
				E9A739152238B16400EE1C4A /* StringFormat.swift in Sources */,
				E90D3D2D222865050083BAB8 /* StopoversTableViewCell.swift in Sources */,
				E90B3C6122399AC60032113E /* VRFirestoreQuery.swift in Sources */,
				E90D3D272228614B0083BAB8 /* ProfileViewController.swift in Sources */,
				E90D3D0D22285EFB0083BAB8 /* MenuViewController.swift in Sources */,
				E90D3D1322285F700083BAB8 /* RideDetailsViewController.swift in Sources */,
				E9EAEE532225A4AE001DB057 /* W8D2_Ride_Share.xcdatamodeld in Sources */,
				E90D3D2B222864C40083BAB8 /* AvailableRidesTableViewCell.swift in Sources */,
				E9A739112238810800EE1C4A /* Booking.swift in Sources */,
				E90D3D1F222860640083BAB8 /* RidesBookedViewController.swift in Sources */,
				E90D3D1122285F570083BAB8 /* AvailableRidesViewController.swift in Sources */,
				E90D3D1B222860030083BAB8 /* OfferRideConfirmationViewController.swift in Sources */,
				E9EAEE4B2225A4AD001DB057 /* AppDelegate.swift in Sources */,
				E9A739132238B01300EE1C4A /* GeoPlace.swift in Sources */,
				15B2CA3C2229CC2700ADFF46 /* UserInfo.swift in Sources */,
				E90D3D29222864A30083BAB8 /* SearchHistoryTableViewCell.swift in Sources */,
				E90D3D2F222865270083BAB8 /* RidesBookedTableViewCell.swift in Sources */,
				15B2CA402229FEB300ADFF46 /* SearchResultsController.swift in Sources */,
				E90D3D1D222860260083BAB8 /* BookRideConfirmationViewController.swift in Sources */,
				E9C701DD22320F9D00607639 /* Extentions.swift in Sources */,
			);
			runOnlyForDeploymentPostprocessing = 0;
		};
/* End PBXSourcesBuildPhase section */

/* Begin PBXVariantGroup section */
		E9EAEE4E2225A4AD001DB057 /* Main.storyboard */ = {
			isa = PBXVariantGroup;
			children = (
				E9EAEE4F2225A4AD001DB057 /* Base */,
			);
			name = Main.storyboard;
			sourceTree = "<group>";
		};
		E9EAEE562225A4AF001DB057 /* LaunchScreen.storyboard */ = {
			isa = PBXVariantGroup;
			children = (
				E9EAEE572225A4AF001DB057 /* Base */,
			);
			name = LaunchScreen.storyboard;
			sourceTree = "<group>";
		};
/* End PBXVariantGroup section */

/* Begin XCBuildConfiguration section */
		E9EAEE5A2225A4AF001DB057 /* Debug */ = {
			isa = XCBuildConfiguration;
			buildSettings = {
				ALWAYS_SEARCH_USER_PATHS = NO;
				CLANG_ANALYZER_NONNULL = YES;
				CLANG_ANALYZER_NUMBER_OBJECT_CONVERSION = YES_AGGRESSIVE;
				CLANG_CXX_LANGUAGE_STANDARD = "gnu++14";
				CLANG_CXX_LIBRARY = "libc++";
				CLANG_ENABLE_MODULES = YES;
				CLANG_ENABLE_OBJC_ARC = YES;
				CLANG_ENABLE_OBJC_WEAK = YES;
				CLANG_WARN_BLOCK_CAPTURE_AUTORELEASING = YES;
				CLANG_WARN_BOOL_CONVERSION = YES;
				CLANG_WARN_COMMA = YES;
				CLANG_WARN_CONSTANT_CONVERSION = YES;
				CLANG_WARN_DEPRECATED_OBJC_IMPLEMENTATIONS = YES;
				CLANG_WARN_DIRECT_OBJC_ISA_USAGE = YES_ERROR;
				CLANG_WARN_DOCUMENTATION_COMMENTS = YES;
				CLANG_WARN_EMPTY_BODY = YES;
				CLANG_WARN_ENUM_CONVERSION = YES;
				CLANG_WARN_INFINITE_RECURSION = YES;
				CLANG_WARN_INT_CONVERSION = YES;
				CLANG_WARN_NON_LITERAL_NULL_CONVERSION = YES;
				CLANG_WARN_OBJC_IMPLICIT_RETAIN_SELF = YES;
				CLANG_WARN_OBJC_LITERAL_CONVERSION = YES;
				CLANG_WARN_OBJC_ROOT_CLASS = YES_ERROR;
				CLANG_WARN_RANGE_LOOP_ANALYSIS = YES;
				CLANG_WARN_STRICT_PROTOTYPES = YES;
				CLANG_WARN_SUSPICIOUS_MOVE = YES;
				CLANG_WARN_UNGUARDED_AVAILABILITY = YES_AGGRESSIVE;
				CLANG_WARN_UNREACHABLE_CODE = YES;
				CLANG_WARN__DUPLICATE_METHOD_MATCH = YES;
				CODE_SIGN_IDENTITY = "iPhone Developer";
				COPY_PHASE_STRIP = NO;
				DEBUG_INFORMATION_FORMAT = dwarf;
				ENABLE_STRICT_OBJC_MSGSEND = YES;
				ENABLE_TESTABILITY = YES;
				GCC_C_LANGUAGE_STANDARD = gnu11;
				GCC_DYNAMIC_NO_PIC = NO;
				GCC_NO_COMMON_BLOCKS = YES;
				GCC_OPTIMIZATION_LEVEL = 0;
				GCC_PREPROCESSOR_DEFINITIONS = (
					"DEBUG=1",
					"$(inherited)",
				);
				GCC_WARN_64_TO_32_BIT_CONVERSION = YES;
				GCC_WARN_ABOUT_RETURN_TYPE = YES_ERROR;
				GCC_WARN_UNDECLARED_SELECTOR = YES;
				GCC_WARN_UNINITIALIZED_AUTOS = YES_AGGRESSIVE;
				GCC_WARN_UNUSED_FUNCTION = YES;
				GCC_WARN_UNUSED_VARIABLE = YES;
				IPHONEOS_DEPLOYMENT_TARGET = 12.1;
				MTL_ENABLE_DEBUG_INFO = INCLUDE_SOURCE;
				MTL_FAST_MATH = YES;
				ONLY_ACTIVE_ARCH = YES;
				SDKROOT = iphoneos;
				SWIFT_ACTIVE_COMPILATION_CONDITIONS = DEBUG;
				SWIFT_OPTIMIZATION_LEVEL = "-Onone";
			};
			name = Debug;
		};
		E9EAEE5B2225A4AF001DB057 /* Release */ = {
			isa = XCBuildConfiguration;
			buildSettings = {
				ALWAYS_SEARCH_USER_PATHS = NO;
				CLANG_ANALYZER_NONNULL = YES;
				CLANG_ANALYZER_NUMBER_OBJECT_CONVERSION = YES_AGGRESSIVE;
				CLANG_CXX_LANGUAGE_STANDARD = "gnu++14";
				CLANG_CXX_LIBRARY = "libc++";
				CLANG_ENABLE_MODULES = YES;
				CLANG_ENABLE_OBJC_ARC = YES;
				CLANG_ENABLE_OBJC_WEAK = YES;
				CLANG_WARN_BLOCK_CAPTURE_AUTORELEASING = YES;
				CLANG_WARN_BOOL_CONVERSION = YES;
				CLANG_WARN_COMMA = YES;
				CLANG_WARN_CONSTANT_CONVERSION = YES;
				CLANG_WARN_DEPRECATED_OBJC_IMPLEMENTATIONS = YES;
				CLANG_WARN_DIRECT_OBJC_ISA_USAGE = YES_ERROR;
				CLANG_WARN_DOCUMENTATION_COMMENTS = YES;
				CLANG_WARN_EMPTY_BODY = YES;
				CLANG_WARN_ENUM_CONVERSION = YES;
				CLANG_WARN_INFINITE_RECURSION = YES;
				CLANG_WARN_INT_CONVERSION = YES;
				CLANG_WARN_NON_LITERAL_NULL_CONVERSION = YES;
				CLANG_WARN_OBJC_IMPLICIT_RETAIN_SELF = YES;
				CLANG_WARN_OBJC_LITERAL_CONVERSION = YES;
				CLANG_WARN_OBJC_ROOT_CLASS = YES_ERROR;
				CLANG_WARN_RANGE_LOOP_ANALYSIS = YES;
				CLANG_WARN_STRICT_PROTOTYPES = YES;
				CLANG_WARN_SUSPICIOUS_MOVE = YES;
				CLANG_WARN_UNGUARDED_AVAILABILITY = YES_AGGRESSIVE;
				CLANG_WARN_UNREACHABLE_CODE = YES;
				CLANG_WARN__DUPLICATE_METHOD_MATCH = YES;
				CODE_SIGN_IDENTITY = "iPhone Developer";
				COPY_PHASE_STRIP = NO;
				DEBUG_INFORMATION_FORMAT = "dwarf-with-dsym";
				ENABLE_NS_ASSERTIONS = NO;
				ENABLE_STRICT_OBJC_MSGSEND = YES;
				GCC_C_LANGUAGE_STANDARD = gnu11;
				GCC_NO_COMMON_BLOCKS = YES;
				GCC_WARN_64_TO_32_BIT_CONVERSION = YES;
				GCC_WARN_ABOUT_RETURN_TYPE = YES_ERROR;
				GCC_WARN_UNDECLARED_SELECTOR = YES;
				GCC_WARN_UNINITIALIZED_AUTOS = YES_AGGRESSIVE;
				GCC_WARN_UNUSED_FUNCTION = YES;
				GCC_WARN_UNUSED_VARIABLE = YES;
				IPHONEOS_DEPLOYMENT_TARGET = 12.1;
				MTL_ENABLE_DEBUG_INFO = NO;
				MTL_FAST_MATH = YES;
				SDKROOT = iphoneos;
				SWIFT_COMPILATION_MODE = wholemodule;
				SWIFT_OPTIMIZATION_LEVEL = "-O";
				VALIDATE_PRODUCT = YES;
			};
			name = Release;
		};
		E9EAEE5D2225A4AF001DB057 /* Debug */ = {
			isa = XCBuildConfiguration;
			baseConfigurationReference = 9338C7A9C089044CE4207DD5 /* Pods-W8D2-Ride-Share.debug.xcconfig */;
			buildSettings = {
				ASSETCATALOG_COMPILER_APPICON_NAME = AppIcon;
				CODE_SIGN_ENTITLEMENTS = "W8D2-Ride-Share/W8D2-Ride-Share.entitlements";
				CODE_SIGN_STYLE = Automatic;
				DEVELOPMENT_TEAM = X7247USMTY;
				INFOPLIST_FILE = "W8D2-Ride-Share/Info.plist";
				IPHONEOS_DEPLOYMENT_TARGET = 12.0;
				LD_RUNPATH_SEARCH_PATHS = (
					"$(inherited)",
					"@executable_path/Frameworks",
				);
				PRODUCT_BUNDLE_IDENTIFIER = "ru.owlsoft.viva-ride";
				PRODUCT_NAME = "$(TARGET_NAME)";
				SWIFT_VERSION = 4.2;
				TARGETED_DEVICE_FAMILY = 1;
			};
			name = Debug;
		};
		E9EAEE5E2225A4AF001DB057 /* Release */ = {
			isa = XCBuildConfiguration;
			baseConfigurationReference = 9177AEE06E859116CE515D6E /* Pods-W8D2-Ride-Share.release.xcconfig */;
			buildSettings = {
				ASSETCATALOG_COMPILER_APPICON_NAME = AppIcon;
				CODE_SIGN_ENTITLEMENTS = "W8D2-Ride-Share/W8D2-Ride-Share.entitlements";
				CODE_SIGN_STYLE = Automatic;
				DEVELOPMENT_TEAM = X7247USMTY;
				INFOPLIST_FILE = "W8D2-Ride-Share/Info.plist";
				IPHONEOS_DEPLOYMENT_TARGET = 12.0;
				LD_RUNPATH_SEARCH_PATHS = (
					"$(inherited)",
					"@executable_path/Frameworks",
				);
				PRODUCT_BUNDLE_IDENTIFIER = "ru.owlsoft.viva-ride";
				PRODUCT_NAME = "$(TARGET_NAME)";
				SWIFT_VERSION = 4.2;
				TARGETED_DEVICE_FAMILY = 1;
			};
			name = Release;
		};
/* End XCBuildConfiguration section */

/* Begin XCConfigurationList section */
		E9EAEE422225A4AD001DB057 /* Build configuration list for PBXProject "W8D2-Ride-Share" */ = {
			isa = XCConfigurationList;
			buildConfigurations = (
				E9EAEE5A2225A4AF001DB057 /* Debug */,
				E9EAEE5B2225A4AF001DB057 /* Release */,
			);
			defaultConfigurationIsVisible = 0;
			defaultConfigurationName = Release;
		};
		E9EAEE5C2225A4AF001DB057 /* Build configuration list for PBXNativeTarget "W8D2-Ride-Share" */ = {
			isa = XCConfigurationList;
			buildConfigurations = (
				E9EAEE5D2225A4AF001DB057 /* Debug */,
				E9EAEE5E2225A4AF001DB057 /* Release */,
			);
			defaultConfigurationIsVisible = 0;
			defaultConfigurationName = Release;
		};
/* End XCConfigurationList section */

/* Begin XCVersionGroup section */
		E9EAEE512225A4AE001DB057 /* W8D2_Ride_Share.xcdatamodeld */ = {
			isa = XCVersionGroup;
			children = (
				E9EAEE522225A4AE001DB057 /* W8D2_Ride_Share.xcdatamodel */,
			);
			currentVersion = E9EAEE522225A4AE001DB057 /* W8D2_Ride_Share.xcdatamodel */;
			path = W8D2_Ride_Share.xcdatamodeld;
			sourceTree = "<group>";
			versionGroupType = wrapper.xcdatamodel;
		};
/* End XCVersionGroup section */
	};
	rootObject = E9EAEE3F2225A4AD001DB057 /* Project object */;
}
